
Microsoft Visual Studio Solution File, Format Version 12.00
# Visual Studio Version 17
VisualStudioVersion = 17.13.35828.75 d17.13
MinimumVisualStudioVersion = 10.0.40219.1
Project("{FAE04EC0-301F-11D3-BF4B-00C04F79EFBC}") = "invoicesManagement", "invoicesManagement\invoicesManagement.csproj", "{8B2357C5-78A7-46E7-87B1-238B87940016}"
EndProject
Global
	GlobalSection(SolutionConfigurationPlatforms) = preSolution
		Debug|Any CPU = Debug|Any CPU
		Release|Any CPU = Release|Any CPU
	EndGlobalSection
	GlobalSection(ProjectConfigurationPlatforms) = postSolution
		{8B2357C5-78A7-46E7-87B1-238B87940016}.Debug|Any CPU.ActiveCfg = Debug|Any CPU
		{8B2357C5-78A7-46E7-87B1-238B87940016}.Debug|Any CPU.Build.0 = Debug|Any CPU
		{8B2357C5-78A7-46E7-87B1-238B87940016}.Release|Any CPU.ActiveCfg = Release|Any CPU
		{8B2357C5-78A7-46E7-87B1-238B87940016}.Release|Any CPU.Build.0 = Release|Any CPU
	EndGlobalSection
	GlobalSection(SolutionProperties) = preSolution
		HideSolutionNode = FALSE
	EndGlobalSection
	GlobalSection(ExtensibilityGlobals) = postSolution
		SolutionGuid = {71585AB6-C117-4384-AA10-873FEE9C8B6B}
	EndGlobalSection
EndGlobal
